PODS:
  - Alamofire (5.4.1)
  - AlamofireImage (4.1.0):
    - Alamofire (~> 5.1)
  - CommonsService (1.3.1)
  - DetalhesMoedas (1.0.0):
    - AlamofireImage
    - CommonsService

DEPENDENCIES:
  - Alamofire (~> 5.4.1)
  - AlamofireImage (~> 4.1.0)
  - CommonsService (from `https://github.com/leticiassiqueira25/Commons.git`, branch `master`)
  - DetalhesMoedas (from `https://github.com/letyciamarques/DetalhesMoeda.git`, branch `feature/letycia`)

SPEC REPOS:
  trunk:
    - Alamofire
    - AlamofireImage

EXTERNAL SOURCES:
  CommonsService:
    :branch: master
    :git: https://github.com/leticiassiqueira25/Commons.git
  DetalhesMoedas:
    :branch: feature/letycia
    :git: https://github.com/letyciamarques/DetalhesMoeda.git

CHECKOUT OPTIONS:
  CommonsService:
    :commit: f449848b9beeb20621a767e0d6fdf73d8a99959a
    :git: https://github.com/leticiassiqueira25/Commons.git
  DetalhesMoedas:
    :commit: 024955c31848672112dd6089d8a0de0e3191bb9c
    :git: https://github.com/letyciamarques/DetalhesMoeda.git

SPEC CHECKSUMS:
  Alamofire: 2291f7d21ca607c491dd17642e5d40fdcda0e65c
  AlamofireImage: c4a2ba349885fb3064feb74d2e547bd42ce9be10
  CommonsService: ea1b6a91b995137b2d52f5361917c44846a0d393
  DetalhesMoedas: dd80b755136a83bff2d4abf2de7d45b433c2cce5

PODFILE CHECKSUM: 7ff2e61bd7790638e2cc3622d411b2ab596658f1

COCOAPODS: 1.10.1
