PODS:
  - Alamofire (5.4.1)
  - AlamofireImage (4.1.0):
    - Alamofire (~> 5.1)
  - CommonsService (1.3.1)

DEPENDENCIES:
  - Alamofire (~> 5.4.1)
  - AlamofireImage (~> 4.1.0)
  - CommonsService (from `https://github.com/leticiassiqueira25/Commons.git`, branch `master`)

SPEC REPOS:
  trunk:
    - Alamofire
    - AlamofireImage

EXTERNAL SOURCES:
  CommonsService:
    :branch: master
    :git: https://github.com/leticiassiqueira25/Commons.git

CHECKOUT OPTIONS:
  CommonsService:
    :commit: f449848b9beeb20621a767e0d6fdf73d8a99959a
    :git: https://github.com/leticiassiqueira25/Commons.git

SPEC CHECKSUMS:
  Alamofire: 2291f7d21ca607c491dd17642e5d40fdcda0e65c
  AlamofireImage: c4a2ba349885fb3064feb74d2e547bd42ce9be10
  CommonsService: ea1b6a91b995137b2d52f5361917c44846a0d393

PODFILE CHECKSUM: 1df1d73c4e677eff20fcb5fcaa9795719ec1f3b1

COCOAPODS: 1.10.1
