PODS:
  - Alamofire (5.4.1)
  - AlamofireImage (4.1.0):
    - Alamofire (~> 5.1)
  - CommonsService (1.4.1)
  - DetalhesMoedas (1.0.0):
    - AlamofireImage
    - CommonsService

DEPENDENCIES:
  - Alamofire (~> 5.4.1)
  - AlamofireImage (~> 4.1.0)
  - CommonsService (from `https://github.com/leticiassiqueira25/Commons.git`, branch `master`)
  - DetalhesMoedas (from `https://github.com/letyciamarques/DetalhesMoeda.git`, branch `develop`)

SPEC REPOS:
  trunk:
    - Alamofire
    - AlamofireImage

EXTERNAL SOURCES:
  CommonsService:
    :branch: master
    :git: https://github.com/leticiassiqueira25/Commons.git
  DetalhesMoedas:
    :branch: develop
    :git: https://github.com/letyciamarques/DetalhesMoeda.git

CHECKOUT OPTIONS:
  CommonsService:
    :commit: 2f2a86287c2a321c19e54a722d9b58f793373775
    :git: https://github.com/leticiassiqueira25/Commons.git
  DetalhesMoedas:
    :commit: de428363dffa1cc53946809c647bc60e22b35e8c
    :git: https://github.com/letyciamarques/DetalhesMoeda.git

SPEC CHECKSUMS:
  Alamofire: 2291f7d21ca607c491dd17642e5d40fdcda0e65c
  AlamofireImage: c4a2ba349885fb3064feb74d2e547bd42ce9be10
  CommonsService: f01c3e039222ea9665581397871c671294072135
  DetalhesMoedas: dd80b755136a83bff2d4abf2de7d45b433c2cce5

PODFILE CHECKSUM: 39659cd3d7a0760035e48eae374d109cb7c6940a

COCOAPODS: 1.10.1
