// !$*UTF8*$!
{
	archiveVersion = 1;
	classes = {
	};
	objectVersion = 51;
	objects = {

/* Begin PBXBuildFile section */
		159E873D8C084BCFA3495D7B /* Pods_ProjetoFinalTests.framework in Frameworks */ = {isa = PBXBuildFile; fileRef = 593604DE3CBA8B2A1F7CA1D7 /* Pods_ProjetoFinalTests.framework */; };
		981C798FE14FD4767736C308 /* Pods_ProjetoFinal_ProjetoFinalUITests.framework in Frameworks */ = {isa = PBXBuildFile; fileRef = 78628D7B0E7FA798FDAAF049 /* Pods_ProjetoFinal_ProjetoFinalUITests.framework */; };
		F72FA4416248104C6898E328 /* Pods_ProjetoFinal.framework in Frameworks */ = {isa = PBXBuildFile; fileRef = C9567F852488B8ED7C33BC0D /* Pods_ProjetoFinal.framework */; };
		FC2D382125BB04B0005D2399 /* MoedaService.swift in Sources */ = {isa = PBXBuildFile; fileRef = FC2D382025BB04B0005D2399 /* MoedaService.swift */; };
		FC2D382A25BB0838005D2399 /* ListaMoedasViewController.swift in Sources */ = {isa = PBXBuildFile; fileRef = FC2D382825BB0838005D2399 /* ListaMoedasViewController.swift */; };
		FC2D382B25BB0838005D2399 /* ListaMoedasViewController.xib in Resources */ = {isa = PBXBuildFile; fileRef = FC2D382925BB0838005D2399 /* ListaMoedasViewController.xib */; };
		FC2D383125BB090A005D2399 /* CustomizacaoTableViewCell.swift in Sources */ = {isa = PBXBuildFile; fileRef = FC2D382F25BB090A005D2399 /* CustomizacaoTableViewCell.swift */; };
		FC2D383225BB090A005D2399 /* CustomizacaoTableViewCell.xib in Resources */ = {isa = PBXBuildFile; fileRef = FC2D383025BB090A005D2399 /* CustomizacaoTableViewCell.xib */; };
		FC2D383C25BB0C3E005D2399 /* ExtensionsListaMoedasViewController.swift in Sources */ = {isa = PBXBuildFile; fileRef = FC2D383B25BB0C3E005D2399 /* ExtensionsListaMoedasViewController.swift */; };
		FC3EAC9725B9CB8B00643728 /* AppDelegate.swift in Sources */ = {isa = PBXBuildFile; fileRef = FC3EAC9625B9CB8B00643728 /* AppDelegate.swift */; };
		FC3EAC9925B9CB8B00643728 /* SceneDelegate.swift in Sources */ = {isa = PBXBuildFile; fileRef = FC3EAC9825B9CB8B00643728 /* SceneDelegate.swift */; };
		FC3EACA025B9CB9100643728 /* Assets.xcassets in Resources */ = {isa = PBXBuildFile; fileRef = FC3EAC9F25B9CB9100643728 /* Assets.xcassets */; };
		FC3EACA325B9CB9100643728 /* LaunchScreen.storyboard in Resources */ = {isa = PBXBuildFile; fileRef = FC3EACA125B9CB9100643728 /* LaunchScreen.storyboard */; };
		FC3EACAE25B9CB9200643728 /* ProjetoFinalTests.swift in Sources */ = {isa = PBXBuildFile; fileRef = FC3EACAD25B9CB9200643728 /* ProjetoFinalTests.swift */; };
		FC3EACB925B9CB9200643728 /* ProjetoFinalUITests.swift in Sources */ = {isa = PBXBuildFile; fileRef = FC3EACB825B9CB9200643728 /* ProjetoFinalUITests.swift */; };
		FC46B65025C1E34000C1FBD7 /* CustomizacaoViewModel.swift in Sources */ = {isa = PBXBuildFile; fileRef = FC46B64F25C1E34000C1FBD7 /* CustomizacaoViewModel.swift */; };
		FC46B68C25C2F68900C1FBD7 /* DetalhesViewController.xib in Resources */ = {isa = PBXBuildFile; fileRef = FC46B68A25C2F68900C1FBD7 /* DetalhesViewController.xib */; };
		FC46B68D25C2F68900C1FBD7 /* DetalhesViewController.swift in Sources */ = {isa = PBXBuildFile; fileRef = FC46B68B25C2F68900C1FBD7 /* DetalhesViewController.swift */; };
/* End PBXBuildFile section */

/* Begin PBXContainerItemProxy section */
		FC3EACAA25B9CB9200643728 /* PBXContainerItemProxy */ = {
			isa = PBXContainerItemProxy;
			containerPortal = FC3EAC8B25B9CB8B00643728 /* Project object */;
			proxyType = 1;
			remoteGlobalIDString = FC3EAC9225B9CB8B00643728;
			remoteInfo = ProjetoFinal;
		};
		FC3EACB525B9CB9200643728 /* PBXContainerItemProxy */ = {
			isa = PBXContainerItemProxy;
			containerPortal = FC3EAC8B25B9CB8B00643728 /* Project object */;
			proxyType = 1;
			remoteGlobalIDString = FC3EAC9225B9CB8B00643728;
			remoteInfo = ProjetoFinal;
		};
/* End PBXContainerItemProxy section */

/* Begin PBXFileReference section */
		2E64844BB159AD5EA834B2E9 /* Pods-ProjetoFinalTests.release.xcconfig */ = {isa = PBXFileReference; includeInIndex = 1; lastKnownFileType = text.xcconfig; name = "Pods-ProjetoFinalTests.release.xcconfig"; path = "Target Support Files/Pods-ProjetoFinalTests/Pods-ProjetoFinalTests.release.xcconfig"; sourceTree = "<group>"; };
		50F1977F0D44BC26F7E40BB3 /* Pods-ProjetoFinal-ProjetoFinalUITests.release.xcconfig */ = {isa = PBXFileReference; includeInIndex = 1; lastKnownFileType = text.xcconfig; name = "Pods-ProjetoFinal-ProjetoFinalUITests.release.xcconfig"; path = "Target Support Files/Pods-ProjetoFinal-ProjetoFinalUITests/Pods-ProjetoFinal-ProjetoFinalUITests.release.xcconfig"; sourceTree = "<group>"; };
		593604DE3CBA8B2A1F7CA1D7 /* Pods_ProjetoFinalTests.framework */ = {isa = PBXFileReference; explicitFileType = wrapper.framework; includeInIndex = 0; path = Pods_ProjetoFinalTests.framework; sourceTree = BUILT_PRODUCTS_DIR; };
		78628D7B0E7FA798FDAAF049 /* Pods_ProjetoFinal_ProjetoFinalUITests.framework */ = {isa = PBXFileReference; explicitFileType = wrapper.framework; includeInIndex = 0; path = Pods_ProjetoFinal_ProjetoFinalUITests.framework; sourceTree = BUILT_PRODUCTS_DIR; };
		93884973B3DD025C191C05B6 /* Pods-ProjetoFinal.release.xcconfig */ = {isa = PBXFileReference; includeInIndex = 1; lastKnownFileType = text.xcconfig; name = "Pods-ProjetoFinal.release.xcconfig"; path = "Target Support Files/Pods-ProjetoFinal/Pods-ProjetoFinal.release.xcconfig"; sourceTree = "<group>"; };
		B3B1E3F8D48EC9828F2A3C06 /* Pods-ProjetoFinal-ProjetoFinalUITests.debug.xcconfig */ = {isa = PBXFileReference; includeInIndex = 1; lastKnownFileType = text.xcconfig; name = "Pods-ProjetoFinal-ProjetoFinalUITests.debug.xcconfig"; path = "Target Support Files/Pods-ProjetoFinal-ProjetoFinalUITests/Pods-ProjetoFinal-ProjetoFinalUITests.debug.xcconfig"; sourceTree = "<group>"; };
		B40D7ED7F8FD887B584565B0 /* Pods-ProjetoFinal.debug.xcconfig */ = {isa = PBXFileReference; includeInIndex = 1; lastKnownFileType = text.xcconfig; name = "Pods-ProjetoFinal.debug.xcconfig"; path = "Target Support Files/Pods-ProjetoFinal/Pods-ProjetoFinal.debug.xcconfig"; sourceTree = "<group>"; };
		C9567F852488B8ED7C33BC0D /* Pods_ProjetoFinal.framework */ = {isa = PBXFileReference; explicitFileType = wrapper.framework; includeInIndex = 0; path = Pods_ProjetoFinal.framework; sourceTree = BUILT_PRODUCTS_DIR; };
		D7209DD9164CEAEDF237549A /* Pods-ProjetoFinalTests.debug.xcconfig */ = {isa = PBXFileReference; includeInIndex = 1; lastKnownFileType = text.xcconfig; name = "Pods-ProjetoFinalTests.debug.xcconfig"; path = "Target Support Files/Pods-ProjetoFinalTests/Pods-ProjetoFinalTests.debug.xcconfig"; sourceTree = "<group>"; };
		FC2D382025BB04B0005D2399 /* MoedaService.swift */ = {isa = PBXFileReference; lastKnownFileType = sourcecode.swift; path = MoedaService.swift; sourceTree = "<group>"; };
		FC2D382825BB0838005D2399 /* ListaMoedasViewController.swift */ = {isa = PBXFileReference; lastKnownFileType = sourcecode.swift; path = ListaMoedasViewController.swift; sourceTree = "<group>"; };
		FC2D382925BB0838005D2399 /* ListaMoedasViewController.xib */ = {isa = PBXFileReference; lastKnownFileType = file.xib; path = ListaMoedasViewController.xib; sourceTree = "<group>"; };
		FC2D382F25BB090A005D2399 /* CustomizacaoTableViewCell.swift */ = {isa = PBXFileReference; lastKnownFileType = sourcecode.swift; path = CustomizacaoTableViewCell.swift; sourceTree = "<group>"; };
		FC2D383025BB090A005D2399 /* CustomizacaoTableViewCell.xib */ = {isa = PBXFileReference; lastKnownFileType = file.xib; path = CustomizacaoTableViewCell.xib; sourceTree = "<group>"; };
		FC2D383B25BB0C3E005D2399 /* ExtensionsListaMoedasViewController.swift */ = {isa = PBXFileReference; lastKnownFileType = sourcecode.swift; path = ExtensionsListaMoedasViewController.swift; sourceTree = "<group>"; };
		FC3EAC9325B9CB8B00643728 /* ProjetoFinal.app */ = {isa = PBXFileReference; explicitFileType = wrapper.application; includeInIndex = 0; path = ProjetoFinal.app; sourceTree = BUILT_PRODUCTS_DIR; };
		FC3EAC9625B9CB8B00643728 /* AppDelegate.swift */ = {isa = PBXFileReference; lastKnownFileType = sourcecode.swift; path = AppDelegate.swift; sourceTree = "<group>"; };
		FC3EAC9825B9CB8B00643728 /* SceneDelegate.swift */ = {isa = PBXFileReference; lastKnownFileType = sourcecode.swift; path = SceneDelegate.swift; sourceTree = "<group>"; };
		FC3EAC9F25B9CB9100643728 /* Assets.xcassets */ = {isa = PBXFileReference; lastKnownFileType = folder.assetcatalog; path = Assets.xcassets; sourceTree = "<group>"; };
		FC3EACA225B9CB9100643728 /* Base */ = {isa = PBXFileReference; lastKnownFileType = file.storyboard; name = Base; path = Base.lproj/LaunchScreen.storyboard; sourceTree = "<group>"; };
		FC3EACA425B9CB9100643728 /* Info.plist */ = {isa = PBXFileReference; lastKnownFileType = text.plist.xml; path = Info.plist; sourceTree = "<group>"; };
		FC3EACA925B9CB9200643728 /* ProjetoFinalTests.xctest */ = {isa = PBXFileReference; explicitFileType = wrapper.cfbundle; includeInIndex = 0; path = ProjetoFinalTests.xctest; sourceTree = BUILT_PRODUCTS_DIR; };
		FC3EACAD25B9CB9200643728 /* ProjetoFinalTests.swift */ = {isa = PBXFileReference; lastKnownFileType = sourcecode.swift; path = ProjetoFinalTests.swift; sourceTree = "<group>"; };
		FC3EACAF25B9CB9200643728 /* Info.plist */ = {isa = PBXFileReference; lastKnownFileType = text.plist.xml; path = Info.plist; sourceTree = "<group>"; };
		FC3EACB425B9CB9200643728 /* ProjetoFinalUITests.xctest */ = {isa = PBXFileReference; explicitFileType = wrapper.cfbundle; includeInIndex = 0; path = ProjetoFinalUITests.xctest; sourceTree = BUILT_PRODUCTS_DIR; };
		FC3EACB825B9CB9200643728 /* ProjetoFinalUITests.swift */ = {isa = PBXFileReference; lastKnownFileType = sourcecode.swift; path = ProjetoFinalUITests.swift; sourceTree = "<group>"; };
		FC3EACBA25B9CB9200643728 /* Info.plist */ = {isa = PBXFileReference; lastKnownFileType = text.plist.xml; path = Info.plist; sourceTree = "<group>"; };
		FC46B64F25C1E34000C1FBD7 /* CustomizacaoViewModel.swift */ = {isa = PBXFileReference; lastKnownFileType = sourcecode.swift; path = CustomizacaoViewModel.swift; sourceTree = "<group>"; };
		FC46B68A25C2F68900C1FBD7 /* DetalhesViewController.xib */ = {isa = PBXFileReference; fileEncoding = 4; lastKnownFileType = file.xib; path = DetalhesViewController.xib; sourceTree = "<group>"; };
		FC46B68B25C2F68900C1FBD7 /* DetalhesViewController.swift */ = {isa = PBXFileReference; fileEncoding = 4; lastKnownFileType = sourcecode.swift; path = DetalhesViewController.swift; sourceTree = "<group>"; };
/* End PBXFileReference section */

/* Begin PBXFrameworksBuildPhase section */
		FC3EAC9025B9CB8B00643728 /* Frameworks */ = {
			isa = PBXFrameworksBuildPhase;
			buildActionMask = 2147483647;
			files = (
				F72FA4416248104C6898E328 /* Pods_ProjetoFinal.framework in Frameworks */,
			);
			runOnlyForDeploymentPostprocessing = 0;
		};
		FC3EACA625B9CB9200643728 /* Frameworks */ = {
			isa = PBXFrameworksBuildPhase;
			buildActionMask = 2147483647;
			files = (
				159E873D8C084BCFA3495D7B /* Pods_ProjetoFinalTests.framework in Frameworks */,
			);
			runOnlyForDeploymentPostprocessing = 0;
		};
		FC3EACB125B9CB9200643728 /* Frameworks */ = {
			isa = PBXFrameworksBuildPhase;
			buildActionMask = 2147483647;
			files = (
				981C798FE14FD4767736C308 /* Pods_ProjetoFinal_ProjetoFinalUITests.framework in Frameworks */,
			);
			runOnlyForDeploymentPostprocessing = 0;
		};
/* End PBXFrameworksBuildPhase section */

/* Begin PBXGroup section */
		10DEF88B6B6B0AF3DC22F04F /* Pods */ = {
			isa = PBXGroup;
			children = (
				B40D7ED7F8FD887B584565B0 /* Pods-ProjetoFinal.debug.xcconfig */,
				93884973B3DD025C191C05B6 /* Pods-ProjetoFinal.release.xcconfig */,
				B3B1E3F8D48EC9828F2A3C06 /* Pods-ProjetoFinal-ProjetoFinalUITests.debug.xcconfig */,
				50F1977F0D44BC26F7E40BB3 /* Pods-ProjetoFinal-ProjetoFinalUITests.release.xcconfig */,
				D7209DD9164CEAEDF237549A /* Pods-ProjetoFinalTests.debug.xcconfig */,
				2E64844BB159AD5EA834B2E9 /* Pods-ProjetoFinalTests.release.xcconfig */,
			);
			path = Pods;
			sourceTree = "<group>";
		};
		6040B80F8A2B4EF594C6A17A /* Frameworks */ = {
			isa = PBXGroup;
			children = (
				C9567F852488B8ED7C33BC0D /* Pods_ProjetoFinal.framework */,
				78628D7B0E7FA798FDAAF049 /* Pods_ProjetoFinal_ProjetoFinalUITests.framework */,
				593604DE3CBA8B2A1F7CA1D7 /* Pods_ProjetoFinalTests.framework */,
			);
			name = Frameworks;
			sourceTree = "<group>";
		};
		FC2D380125BB00DA005D2399 /* Application */ = {
			isa = PBXGroup;
			children = (
				FC3EAC9625B9CB8B00643728 /* AppDelegate.swift */,
				FC3EAC9825B9CB8B00643728 /* SceneDelegate.swift */,
				FC3EACA125B9CB9100643728 /* LaunchScreen.storyboard */,
				FC3EACA425B9CB9100643728 /* Info.plist */,
			);
			path = Application;
			sourceTree = "<group>";
		};
		FC2D380E25BB013D005D2399 /* Models */ = {
			isa = PBXGroup;
			children = (
			);
			path = Models;
			sourceTree = "<group>";
		};
		FC2D380F25BB0142005D2399 /* ViewModels */ = {
			isa = PBXGroup;
			children = (
				FC46B64F25C1E34000C1FBD7 /* CustomizacaoViewModel.swift */,
			);
			path = ViewModels;
			sourceTree = "<group>";
		};
		FC2D381025BB0148005D2399 /* Service */ = {
			isa = PBXGroup;
			children = (
				FC2D382025BB04B0005D2399 /* MoedaService.swift */,
			);
			path = Service;
			sourceTree = "<group>";
		};
		FC2D381125BB0154005D2399 /* Views */ = {
			isa = PBXGroup;
			children = (
				FC2D382825BB0838005D2399 /* ListaMoedasViewController.swift */,
				FC2D382925BB0838005D2399 /* ListaMoedasViewController.xib */,
				FC2D382F25BB090A005D2399 /* CustomizacaoTableViewCell.swift */,
				FC2D383025BB090A005D2399 /* CustomizacaoTableViewCell.xib */,
				FC46B68B25C2F68900C1FBD7 /* DetalhesViewController.swift */,
				FC46B68A25C2F68900C1FBD7 /* DetalhesViewController.xib */,
			);
			path = Views;
			sourceTree = "<group>";
		};
		FC2D381225BB01A6005D2399 /* Extension */ = {
			isa = PBXGroup;
			children = (
				FC2D383B25BB0C3E005D2399 /* ExtensionsListaMoedasViewController.swift */,
			);
			path = Extension;
			sourceTree = "<group>";
		};
		FC3EAC8A25B9CB8B00643728 = {
			isa = PBXGroup;
			children = (
				FC3EAC9525B9CB8B00643728 /* ProjetoFinal */,
				FC3EACAC25B9CB9200643728 /* ProjetoFinalTests */,
				FC3EACB725B9CB9200643728 /* ProjetoFinalUITests */,
				FC3EAC9425B9CB8B00643728 /* Products */,
				10DEF88B6B6B0AF3DC22F04F /* Pods */,
				6040B80F8A2B4EF594C6A17A /* Frameworks */,
			);
			sourceTree = "<group>";
		};
		FC3EAC9425B9CB8B00643728 /* Products */ = {
			isa = PBXGroup;
			children = (
				FC3EAC9325B9CB8B00643728 /* ProjetoFinal.app */,
				FC3EACA925B9CB9200643728 /* ProjetoFinalTests.xctest */,
				FC3EACB425B9CB9200643728 /* ProjetoFinalUITests.xctest */,
			);
			name = Products;
			sourceTree = "<group>";
		};
		FC3EAC9525B9CB8B00643728 /* ProjetoFinal */ = {
			isa = PBXGroup;
			children = (
				FC2D380125BB00DA005D2399 /* Application */,
				FC2D381125BB0154005D2399 /* Views */,
				FC2D380F25BB0142005D2399 /* ViewModels */,
				FC2D380E25BB013D005D2399 /* Models */,
				FC2D381025BB0148005D2399 /* Service */,
				FC2D381225BB01A6005D2399 /* Extension */,
				FC3EAC9F25B9CB9100643728 /* Assets.xcassets */,
			);
			path = ProjetoFinal;
			sourceTree = "<group>";
		};
		FC3EACAC25B9CB9200643728 /* ProjetoFinalTests */ = {
			isa = PBXGroup;
			children = (
				FC3EACAD25B9CB9200643728 /* ProjetoFinalTests.swift */,
				FC3EACAF25B9CB9200643728 /* Info.plist */,
			);
			path = ProjetoFinalTests;
			sourceTree = "<group>";
		};
		FC3EACB725B9CB9200643728 /* ProjetoFinalUITests */ = {
			isa = PBXGroup;
			children = (
				FC3EACB825B9CB9200643728 /* ProjetoFinalUITests.swift */,
				FC3EACBA25B9CB9200643728 /* Info.plist */,
			);
			path = ProjetoFinalUITests;
			sourceTree = "<group>";
		};
/* End PBXGroup section */

/* Begin PBXNativeTarget section */
		FC3EAC9225B9CB8B00643728 /* ProjetoFinal */ = {
			isa = PBXNativeTarget;
			buildConfigurationList = FC3EACBD25B9CB9200643728 /* Build configuration list for PBXNativeTarget "ProjetoFinal" */;
			buildPhases = (
				A8CB278FE1ECA5B9C4DE9CC0 /* [CP] Check Pods Manifest.lock */,
				FC3EAC8F25B9CB8B00643728 /* Sources */,
				FC3EAC9025B9CB8B00643728 /* Frameworks */,
				FC3EAC9125B9CB8B00643728 /* Resources */,
				7484F210FC3D00E4BE70F10F /* [CP] Embed Pods Frameworks */,
			);
			buildRules = (
			);
			dependencies = (
			);
			name = ProjetoFinal;
			productName = ProjetoFinal;
			productReference = FC3EAC9325B9CB8B00643728 /* ProjetoFinal.app */;
			productType = "com.apple.product-type.application";
		};
		FC3EACA825B9CB9200643728 /* ProjetoFinalTests */ = {
			isa = PBXNativeTarget;
			buildConfigurationList = FC3EACC025B9CB9200643728 /* Build configuration list for PBXNativeTarget "ProjetoFinalTests" */;
			buildPhases = (
				34795C55B14352A874C8E318 /* [CP] Check Pods Manifest.lock */,
				FC3EACA525B9CB9200643728 /* Sources */,
				FC3EACA625B9CB9200643728 /* Frameworks */,
				FC3EACA725B9CB9200643728 /* Resources */,
			);
			buildRules = (
			);
			dependencies = (
				FC3EACAB25B9CB9200643728 /* PBXTargetDependency */,
			);
			name = ProjetoFinalTests;
			productName = ProjetoFinalTests;
			productReference = FC3EACA925B9CB9200643728 /* ProjetoFinalTests.xctest */;
			productType = "com.apple.product-type.bundle.unit-test";
		};
		FC3EACB325B9CB9200643728 /* ProjetoFinalUITests */ = {
			isa = PBXNativeTarget;
			buildConfigurationList = FC3EACC325B9CB9200643728 /* Build configuration list for PBXNativeTarget "ProjetoFinalUITests" */;
			buildPhases = (
				0DFB913A6933328AF385C102 /* [CP] Check Pods Manifest.lock */,
				FC3EACB025B9CB9200643728 /* Sources */,
				FC3EACB125B9CB9200643728 /* Frameworks */,
				FC3EACB225B9CB9200643728 /* Resources */,
				0A64BFE3B5034E9EA5B2ECFD /* [CP] Embed Pods Frameworks */,
			);
			buildRules = (
			);
			dependencies = (
				FC3EACB625B9CB9200643728 /* PBXTargetDependency */,
			);
			name = ProjetoFinalUITests;
			productName = ProjetoFinalUITests;
			productReference = FC3EACB425B9CB9200643728 /* ProjetoFinalUITests.xctest */;
			productType = "com.apple.product-type.bundle.ui-testing";
		};
/* End PBXNativeTarget section */

/* Begin PBXProject section */
		FC3EAC8B25B9CB8B00643728 /* Project object */ = {
			isa = PBXProject;
			attributes = {
				LastSwiftUpdateCheck = 1230;
				LastUpgradeCheck = 1230;
				TargetAttributes = {
					FC3EAC9225B9CB8B00643728 = {
						CreatedOnToolsVersion = 12.3;
					};
					FC3EACA825B9CB9200643728 = {
						CreatedOnToolsVersion = 12.3;
						TestTargetID = FC3EAC9225B9CB8B00643728;
					};
					FC3EACB325B9CB9200643728 = {
						CreatedOnToolsVersion = 12.3;
						TestTargetID = FC3EAC9225B9CB8B00643728;
					};
				};
			};
			buildConfigurationList = FC3EAC8E25B9CB8B00643728 /* Build configuration list for PBXProject "ProjetoFinal" */;
			compatibilityVersion = "Xcode 9.3";
			developmentRegion = en;
			hasScannedForEncodings = 0;
			knownRegions = (
				en,
				Base,
			);
			mainGroup = FC3EAC8A25B9CB8B00643728;
			productRefGroup = FC3EAC9425B9CB8B00643728 /* Products */;
			projectDirPath = "";
			projectRoot = "";
			targets = (
				FC3EAC9225B9CB8B00643728 /* ProjetoFinal */,
				FC3EACA825B9CB9200643728 /* ProjetoFinalTests */,
				FC3EACB325B9CB9200643728 /* ProjetoFinalUITests */,
			);
		};
/* End PBXProject section */

/* Begin PBXResourcesBuildPhase section */
		FC3EAC9125B9CB8B00643728 /* Resources */ = {
			isa = PBXResourcesBuildPhase;
			buildActionMask = 2147483647;
			files = (
				FC2D382B25BB0838005D2399 /* ListaMoedasViewController.xib in Resources */,
				FC3EACA325B9CB9100643728 /* LaunchScreen.storyboard in Resources */,
				FC46B68C25C2F68900C1FBD7 /* DetalhesViewController.xib in Resources */,
				FC3EACA025B9CB9100643728 /* Assets.xcassets in Resources */,
				FC2D383225BB090A005D2399 /* CustomizacaoTableViewCell.xib in Resources */,
			);
			runOnlyForDeploymentPostprocessing = 0;
		};
		FC3EACA725B9CB9200643728 /* Resources */ = {
			isa = PBXResourcesBuildPhase;
			buildActionMask = 2147483647;
			files = (
			);
			runOnlyForDeploymentPostprocessing = 0;
		};
		FC3EACB225B9CB9200643728 /* Resources */ = {
			isa = PBXResourcesBuildPhase;
			buildActionMask = 2147483647;
			files = (
			);
			runOnlyForDeploymentPostprocessing = 0;
		};
/* End PBXResourcesBuildPhase section */

/* Begin PBXShellScriptBuildPhase section */
		0A64BFE3B5034E9EA5B2ECFD /* [CP] Embed Pods Frameworks */ = {
			isa = PBXShellScriptBuildPhase;
			buildActionMask = 2147483647;
			files = (
			);
			inputFileListPaths = (
				"${PODS_ROOT}/Target Support Files/Pods-ProjetoFinal-ProjetoFinalUITests/Pods-ProjetoFinal-ProjetoFinalUITests-frameworks-${CONFIGURATION}-input-files.xcfilelist",
			);
			name = "[CP] Embed Pods Frameworks";
			outputFileListPaths = (
				"${PODS_ROOT}/Target Support Files/Pods-ProjetoFinal-ProjetoFinalUITests/Pods-ProjetoFinal-ProjetoFinalUITests-frameworks-${CONFIGURATION}-output-files.xcfilelist",
			);
			runOnlyForDeploymentPostprocessing = 0;
			shellPath = /bin/sh;
			shellScript = "\"${PODS_ROOT}/Target Support Files/Pods-ProjetoFinal-ProjetoFinalUITests/Pods-ProjetoFinal-ProjetoFinalUITests-frameworks.sh\"\n";
			showEnvVarsInLog = 0;
		};
		0DFB913A6933328AF385C102 /* [CP] Check Pods Manifest.lock */ = {
			isa = PBXShellScriptBuildPhase;
			buildActionMask = 2147483647;
			files = (
			);
			inputFileListPaths = (
			);
			inputPaths = (
				"${PODS_PODFILE_DIR_PATH}/Podfile.lock",
				"${PODS_ROOT}/Manifest.lock",
			);
			name = "[CP] Check Pods Manifest.lock";
			outputFileListPaths = (
			);
			outputPaths = (
				"$(DERIVED_FILE_DIR)/Pods-ProjetoFinal-ProjetoFinalUITests-checkManifestLockResult.txt",
			);
			runOnlyForDeploymentPostprocessing = 0;
			shellPath = /bin/sh;
			shellScript = "diff \"${PODS_PODFILE_DIR_PATH}/Podfile.lock\" \"${PODS_ROOT}/Manifest.lock\" > /dev/null\nif [ $? != 0 ] ; then\n    # print error to STDERR\n    echo \"error: The sandbox is not in sync with the Podfile.lock. Run 'pod install' or update your CocoaPods installation.\" >&2\n    exit 1\nfi\n# This output is used by Xcode 'outputs' to avoid re-running this script phase.\necho \"SUCCESS\" > \"${SCRIPT_OUTPUT_FILE_0}\"\n";
			showEnvVarsInLog = 0;
		};
		34795C55B14352A874C8E318 /* [CP] Check Pods Manifest.lock */ = {
			isa = PBXShellScriptBuildPhase;
			buildActionMask = 2147483647;
			files = (
			);
			inputFileListPaths = (
			);
			inputPaths = (
				"${PODS_PODFILE_DIR_PATH}/Podfile.lock",
				"${PODS_ROOT}/Manifest.lock",
			);
			name = "[CP] Check Pods Manifest.lock";
			outputFileListPaths = (
			);
			outputPaths = (
				"$(DERIVED_FILE_DIR)/Pods-ProjetoFinalTests-checkManifestLockResult.txt",
			);
			runOnlyForDeploymentPostprocessing = 0;
			shellPath = /bin/sh;
			shellScript = "diff \"${PODS_PODFILE_DIR_PATH}/Podfile.lock\" \"${PODS_ROOT}/Manifest.lock\" > /dev/null\nif [ $? != 0 ] ; then\n    # print error to STDERR\n    echo \"error: The sandbox is not in sync with the Podfile.lock. Run 'pod install' or update your CocoaPods installation.\" >&2\n    exit 1\nfi\n# This output is used by Xcode 'outputs' to avoid re-running this script phase.\necho \"SUCCESS\" > \"${SCRIPT_OUTPUT_FILE_0}\"\n";
			showEnvVarsInLog = 0;
		};
		7484F210FC3D00E4BE70F10F /* [CP] Embed Pods Frameworks */ = {
			isa = PBXShellScriptBuildPhase;
			buildActionMask = 2147483647;
			files = (
			);
			inputFileListPaths = (
				"${PODS_ROOT}/Target Support Files/Pods-ProjetoFinal/Pods-ProjetoFinal-frameworks-${CONFIGURATION}-input-files.xcfilelist",
			);
			name = "[CP] Embed Pods Frameworks";
			outputFileListPaths = (
				"${PODS_ROOT}/Target Support Files/Pods-ProjetoFinal/Pods-ProjetoFinal-frameworks-${CONFIGURATION}-output-files.xcfilelist",
			);
			runOnlyForDeploymentPostprocessing = 0;
			shellPath = /bin/sh;
			shellScript = "\"${PODS_ROOT}/Target Support Files/Pods-ProjetoFinal/Pods-ProjetoFinal-frameworks.sh\"\n";
			showEnvVarsInLog = 0;
		};
		A8CB278FE1ECA5B9C4DE9CC0 /* [CP] Check Pods Manifest.lock */ = {
			isa = PBXShellScriptBuildPhase;
			buildActionMask = 2147483647;
			files = (
			);
			inputFileListPaths = (
			);
			inputPaths = (
				"${PODS_PODFILE_DIR_PATH}/Podfile.lock",
				"${PODS_ROOT}/Manifest.lock",
			);
			name = "[CP] Check Pods Manifest.lock";
			outputFileListPaths = (
			);
			outputPaths = (
				"$(DERIVED_FILE_DIR)/Pods-ProjetoFinal-checkManifestLockResult.txt",
			);
			runOnlyForDeploymentPostprocessing = 0;
			shellPath = /bin/sh;
			shellScript = "diff \"${PODS_PODFILE_DIR_PATH}/Podfile.lock\" \"${PODS_ROOT}/Manifest.lock\" > /dev/null\nif [ $? != 0 ] ; then\n    # print error to STDERR\n    echo \"error: The sandbox is not in sync with the Podfile.lock. Run 'pod install' or update your CocoaPods installation.\" >&2\n    exit 1\nfi\n# This output is used by Xcode 'outputs' to avoid re-running this script phase.\necho \"SUCCESS\" > \"${SCRIPT_OUTPUT_FILE_0}\"\n";
			showEnvVarsInLog = 0;
		};
/* End PBXShellScriptBuildPhase section */

/* Begin PBXSourcesBuildPhase section */
		FC3EAC8F25B9CB8B00643728 /* Sources */ = {
			isa = PBXSourcesBuildPhase;
			buildActionMask = 2147483647;
			files = (
				FC46B68D25C2F68900C1FBD7 /* DetalhesViewController.swift in Sources */,
				FC2D382125BB04B0005D2399 /* MoedaService.swift in Sources */,
				FC2D382A25BB0838005D2399 /* ListaMoedasViewController.swift in Sources */,
				FC3EAC9725B9CB8B00643728 /* AppDelegate.swift in Sources */,
				FC46B65025C1E34000C1FBD7 /* CustomizacaoViewModel.swift in Sources */,
				FC2D383C25BB0C3E005D2399 /* ExtensionsListaMoedasViewController.swift in Sources */,
				FC3EAC9925B9CB8B00643728 /* SceneDelegate.swift in Sources */,
				FC2D383125BB090A005D2399 /* CustomizacaoTableViewCell.swift in Sources */,
			);
			runOnlyForDeploymentPostprocessing = 0;
		};
		FC3EACA525B9CB9200643728 /* Sources */ = {
			isa = PBXSourcesBuildPhase;
			buildActionMask = 2147483647;
			files = (
				FC3EACAE25B9CB9200643728 /* ProjetoFinalTests.swift in Sources */,
			);
			runOnlyForDeploymentPostprocessing = 0;
		};
		FC3EACB025B9CB9200643728 /* Sources */ = {
			isa = PBXSourcesBuildPhase;
			buildActionMask = 2147483647;
			files = (
				FC3EACB925B9CB9200643728 /* ProjetoFinalUITests.swift in Sources */,
			);
			runOnlyForDeploymentPostprocessing = 0;
		};
/* End PBXSourcesBuildPhase section */

/* Begin PBXTargetDependency section */
		FC3EACAB25B9CB9200643728 /* PBXTargetDependency */ = {
			isa = PBXTargetDependency;
			target = FC3EAC9225B9CB8B00643728 /* ProjetoFinal */;
			targetProxy = FC3EACAA25B9CB9200643728 /* PBXContainerItemProxy */;
		};
		FC3EACB625B9CB9200643728 /* PBXTargetDependency */ = {
			isa = PBXTargetDependency;
			target = FC3EAC9225B9CB8B00643728 /* ProjetoFinal */;
			targetProxy = FC3EACB525B9CB9200643728 /* PBXContainerItemProxy */;
		};
/* End PBXTargetDependency section */

/* Begin PBXVariantGroup section */
		FC3EACA125B9CB9100643728 /* LaunchScreen.storyboard */ = {
			isa = PBXVariantGroup;
			children = (
				FC3EACA225B9CB9100643728 /* Base */,
			);
			name = LaunchScreen.storyboard;
			sourceTree = "<group>";
		};
/* End PBXVariantGroup section */

/* Begin XCBuildConfiguration section */
		FC3EACBB25B9CB9200643728 /* Debug */ = {
			isa = XCBuildConfiguration;
			buildSettings = {
				ALWAYS_SEARCH_USER_PATHS = NO;
				CLANG_ANALYZER_NONNULL = YES;
				CLANG_ANALYZER_NUMBER_OBJECT_CONVERSION = YES_AGGRESSIVE;
				CLANG_CXX_LANGUAGE_STANDARD = "gnu++14";
				CLANG_CXX_LIBRARY = "libc++";
				CLANG_ENABLE_MODULES = YES;
				CLANG_ENABLE_OBJC_ARC = YES;
				CLANG_ENABLE_OBJC_WEAK = YES;
				CLANG_WARN_BLOCK_CAPTURE_AUTORELEASING = YES;
				CLANG_WARN_BOOL_CONVERSION = YES;
				CLANG_WARN_COMMA = YES;
				CLANG_WARN_CONSTANT_CONVERSION = YES;
				CLANG_WARN_DEPRECATED_OBJC_IMPLEMENTATIONS = YES;
				CLANG_WARN_DIRECT_OBJC_ISA_USAGE = YES_ERROR;
				CLANG_WARN_DOCUMENTATION_COMMENTS = YES;
				CLANG_WARN_EMPTY_BODY = YES;
				CLANG_WARN_ENUM_CONVERSION = YES;
				CLANG_WARN_INFINITE_RECURSION = YES;
				CLANG_WARN_INT_CONVERSION = YES;
				CLANG_WARN_NON_LITERAL_NULL_CONVERSION = YES;
				CLANG_WARN_OBJC_IMPLICIT_RETAIN_SELF = YES;
				CLANG_WARN_OBJC_LITERAL_CONVERSION = YES;
				CLANG_WARN_OBJC_ROOT_CLASS = YES_ERROR;
				CLANG_WARN_QUOTED_INCLUDE_IN_FRAMEWORK_HEADER = YES;
				CLANG_WARN_RANGE_LOOP_ANALYSIS = YES;
				CLANG_WARN_STRICT_PROTOTYPES = YES;
				CLANG_WARN_SUSPICIOUS_MOVE = YES;
				CLANG_WARN_UNGUARDED_AVAILABILITY = YES_AGGRESSIVE;
				CLANG_WARN_UNREACHABLE_CODE = YES;
				CLANG_WARN__DUPLICATE_METHOD_MATCH = YES;
				COPY_PHASE_STRIP = NO;
				DEBUG_INFORMATION_FORMAT = dwarf;
				ENABLE_STRICT_OBJC_MSGSEND = YES;
				ENABLE_TESTABILITY = YES;
				GCC_C_LANGUAGE_STANDARD = gnu11;
				GCC_DYNAMIC_NO_PIC = NO;
				GCC_NO_COMMON_BLOCKS = YES;
				GCC_OPTIMIZATION_LEVEL = 0;
				GCC_PREPROCESSOR_DEFINITIONS = (
					"DEBUG=1",
					"$(inherited)",
				);
				GCC_WARN_64_TO_32_BIT_CONVERSION = YES;
				GCC_WARN_ABOUT_RETURN_TYPE = YES_ERROR;
				GCC_WARN_UNDECLARED_SELECTOR = YES;
				GCC_WARN_UNINITIALIZED_AUTOS = YES_AGGRESSIVE;
				GCC_WARN_UNUSED_FUNCTION = YES;
				GCC_WARN_UNUSED_VARIABLE = YES;
				IPHONEOS_DEPLOYMENT_TARGET = 14.3;
				MTL_ENABLE_DEBUG_INFO = INCLUDE_SOURCE;
				MTL_FAST_MATH = YES;
				ONLY_ACTIVE_ARCH = YES;
				SDKROOT = iphoneos;
				SWIFT_ACTIVE_COMPILATION_CONDITIONS = DEBUG;
				SWIFT_OPTIMIZATION_LEVEL = "-Onone";
			};
			name = Debug;
		};
		FC3EACBC25B9CB9200643728 /* Release */ = {
			isa = XCBuildConfiguration;
			buildSettings = {
				ALWAYS_SEARCH_USER_PATHS = NO;
				CLANG_ANALYZER_NONNULL = YES;
				CLANG_ANALYZER_NUMBER_OBJECT_CONVERSION = YES_AGGRESSIVE;
				CLANG_CXX_LANGUAGE_STANDARD = "gnu++14";
				CLANG_CXX_LIBRARY = "libc++";
				CLANG_ENABLE_MODULES = YES;
				CLANG_ENABLE_OBJC_ARC = YES;
				CLANG_ENABLE_OBJC_WEAK = YES;
				CLANG_WARN_BLOCK_CAPTURE_AUTORELEASING = YES;
				CLANG_WARN_BOOL_CONVERSION = YES;
				CLANG_WARN_COMMA = YES;
				CLANG_WARN_CONSTANT_CONVERSION = YES;
				CLANG_WARN_DEPRECATED_OBJC_IMPLEMENTATIONS = YES;
				CLANG_WARN_DIRECT_OBJC_ISA_USAGE = YES_ERROR;
				CLANG_WARN_DOCUMENTATION_COMMENTS = YES;
				CLANG_WARN_EMPTY_BODY = YES;
				CLANG_WARN_ENUM_CONVERSION = YES;
				CLANG_WARN_INFINITE_RECURSION = YES;
				CLANG_WARN_INT_CONVERSION = YES;
				CLANG_WARN_NON_LITERAL_NULL_CONVERSION = YES;
				CLANG_WARN_OBJC_IMPLICIT_RETAIN_SELF = YES;
				CLANG_WARN_OBJC_LITERAL_CONVERSION = YES;
				CLANG_WARN_OBJC_ROOT_CLASS = YES_ERROR;
				CLANG_WARN_QUOTED_INCLUDE_IN_FRAMEWORK_HEADER = YES;
				CLANG_WARN_RANGE_LOOP_ANALYSIS = YES;
				CLANG_WARN_STRICT_PROTOTYPES = YES;
				CLANG_WARN_SUSPICIOUS_MOVE = YES;
				CLANG_WARN_UNGUARDED_AVAILABILITY = YES_AGGRESSIVE;
				CLANG_WARN_UNREACHABLE_CODE = YES;
				CLANG_WARN__DUPLICATE_METHOD_MATCH = YES;
				COPY_PHASE_STRIP = NO;
				DEBUG_INFORMATION_FORMAT = "dwarf-with-dsym";
				ENABLE_NS_ASSERTIONS = NO;
				ENABLE_STRICT_OBJC_MSGSEND = YES;
				GCC_C_LANGUAGE_STANDARD = gnu11;
				GCC_NO_COMMON_BLOCKS = YES;
				GCC_WARN_64_TO_32_BIT_CONVERSION = YES;
				GCC_WARN_ABOUT_RETURN_TYPE = YES_ERROR;
				GCC_WARN_UNDECLARED_SELECTOR = YES;
				GCC_WARN_UNINITIALIZED_AUTOS = YES_AGGRESSIVE;
				GCC_WARN_UNUSED_FUNCTION = YES;
				GCC_WARN_UNUSED_VARIABLE = YES;
				IPHONEOS_DEPLOYMENT_TARGET = 14.3;
				MTL_ENABLE_DEBUG_INFO = NO;
				MTL_FAST_MATH = YES;
				SDKROOT = iphoneos;
				SWIFT_COMPILATION_MODE = wholemodule;
				SWIFT_OPTIMIZATION_LEVEL = "-O";
				VALIDATE_PRODUCT = YES;
			};
			name = Release;
		};
		FC3EACBE25B9CB9200643728 /* Debug */ = {
			isa = XCBuildConfiguration;
			baseConfigurationReference = B40D7ED7F8FD887B584565B0 /* Pods-ProjetoFinal.debug.xcconfig */;
			buildSettings = {
				ASSETCATALOG_COMPILER_APPICON_NAME = AppIcon;
				ASSETCATALOG_COMPILER_GLOBAL_ACCENT_COLOR_NAME = AccentColor;
				CODE_SIGN_STYLE = Automatic;
				INFOPLIST_FILE = ProjetoFinal/Application/Info.plist;
				IPHONEOS_DEPLOYMENT_TARGET = 10.0;
				LD_RUNPATH_SEARCH_PATHS = (
					"$(inherited)",
					"@executable_path/Frameworks",
				);
				PRODUCT_BUNDLE_IDENTIFIER = br.com.beca.ProjetoFinal;
				PRODUCT_NAME = "$(TARGET_NAME)";
				SWIFT_VERSION = 5.0;
				TARGETED_DEVICE_FAMILY = "1,2";
			};
			name = Debug;
		};
		FC3EACBF25B9CB9200643728 /* Release */ = {
			isa = XCBuildConfiguration;
			baseConfigurationReference = 93884973B3DD025C191C05B6 /* Pods-ProjetoFinal.release.xcconfig */;
			buildSettings = {
				ASSETCATALOG_COMPILER_APPICON_NAME = AppIcon;
				ASSETCATALOG_COMPILER_GLOBAL_ACCENT_COLOR_NAME = AccentColor;
				CODE_SIGN_STYLE = Automatic;
				INFOPLIST_FILE = ProjetoFinal/Application/Info.plist;
				IPHONEOS_DEPLOYMENT_TARGET = 10.0;
				LD_RUNPATH_SEARCH_PATHS = (
					"$(inherited)",
					"@executable_path/Frameworks",
				);
				PRODUCT_BUNDLE_IDENTIFIER = br.com.beca.ProjetoFinal;
				PRODUCT_NAME = "$(TARGET_NAME)";
				SWIFT_VERSION = 5.0;
				TARGETED_DEVICE_FAMILY = "1,2";
			};
			name = Release;
		};
		FC3EACC125B9CB9200643728 /* Debug */ = {
			isa = XCBuildConfiguration;
			baseConfigurationReference = D7209DD9164CEAEDF237549A /* Pods-ProjetoFinalTests.debug.xcconfig */;
			buildSettings = {
				ALWAYS_EMBED_SWIFT_STANDARD_LIBRARIES = YES;
				BUNDLE_LOADER = "$(TEST_HOST)";
				CODE_SIGN_STYLE = Automatic;
				INFOPLIST_FILE = ProjetoFinalTests/Info.plist;
				IPHONEOS_DEPLOYMENT_TARGET = 14.3;
				LD_RUNPATH_SEARCH_PATHS = (
					"$(inherited)",
					"@executable_path/Frameworks",
					"@loader_path/Frameworks",
				);
				PRODUCT_BUNDLE_IDENTIFIER = br.com.beca.ProjetoFinalTests;
				PRODUCT_NAME = "$(TARGET_NAME)";
				SWIFT_VERSION = 5.0;
				TARGETED_DEVICE_FAMILY = "1,2";
				TEST_HOST = "$(BUILT_PRODUCTS_DIR)/ProjetoFinal.app/ProjetoFinal";
			};
			name = Debug;
		};
		FC3EACC225B9CB9200643728 /* Release */ = {
			isa = XCBuildConfiguration;
			baseConfigurationReference = 2E64844BB159AD5EA834B2E9 /* Pods-ProjetoFinalTests.release.xcconfig */;
			buildSettings = {
				ALWAYS_EMBED_SWIFT_STANDARD_LIBRARIES = YES;
				BUNDLE_LOADER = "$(TEST_HOST)";
				CODE_SIGN_STYLE = Automatic;
				INFOPLIST_FILE = ProjetoFinalTests/Info.plist;
				IPHONEOS_DEPLOYMENT_TARGET = 14.3;
				LD_RUNPATH_SEARCH_PATHS = (
					"$(inherited)",
					"@executable_path/Frameworks",
					"@loader_path/Frameworks",
				);
				PRODUCT_BUNDLE_IDENTIFIER = br.com.beca.ProjetoFinalTests;
				PRODUCT_NAME = "$(TARGET_NAME)";
				SWIFT_VERSION = 5.0;
				TARGETED_DEVICE_FAMILY = "1,2";
				TEST_HOST = "$(BUILT_PRODUCTS_DIR)/ProjetoFinal.app/ProjetoFinal";
			};
			name = Release;
		};
		FC3EACC425B9CB9200643728 /* Debug */ = {
			isa = XCBuildConfiguration;
			baseConfigurationReference = B3B1E3F8D48EC9828F2A3C06 /* Pods-ProjetoFinal-ProjetoFinalUITests.debug.xcconfig */;
			buildSettings = {
				ALWAYS_EMBED_SWIFT_STANDARD_LIBRARIES = YES;
				CODE_SIGN_STYLE = Automatic;
				INFOPLIST_FILE = ProjetoFinalUITests/Info.plist;
				LD_RUNPATH_SEARCH_PATHS = (
					"$(inherited)",
					"@executable_path/Frameworks",
					"@loader_path/Frameworks",
				);
				PRODUCT_BUNDLE_IDENTIFIER = br.com.beca.ProjetoFinalUITests;
				PRODUCT_NAME = "$(TARGET_NAME)";
				SWIFT_VERSION = 5.0;
				TARGETED_DEVICE_FAMILY = "1,2";
				TEST_TARGET_NAME = ProjetoFinal;
			};
			name = Debug;
		};
		FC3EACC525B9CB9200643728 /* Release */ = {
			isa = XCBuildConfiguration;
			baseConfigurationReference = 50F1977F0D44BC26F7E40BB3 /* Pods-ProjetoFinal-ProjetoFinalUITests.release.xcconfig */;
			buildSettings = {
				ALWAYS_EMBED_SWIFT_STANDARD_LIBRARIES = YES;
				CODE_SIGN_STYLE = Automatic;
				INFOPLIST_FILE = ProjetoFinalUITests/Info.plist;
				LD_RUNPATH_SEARCH_PATHS = (
					"$(inherited)",
					"@executable_path/Frameworks",
					"@loader_path/Frameworks",
				);
				PRODUCT_BUNDLE_IDENTIFIER = br.com.beca.ProjetoFinalUITests;
				PRODUCT_NAME = "$(TARGET_NAME)";
				SWIFT_VERSION = 5.0;
				TARGETED_DEVICE_FAMILY = "1,2";
				TEST_TARGET_NAME = ProjetoFinal;
			};
			name = Release;
		};
/* End XCBuildConfiguration section */

/* Begin XCConfigurationList section */
		FC3EAC8E25B9CB8B00643728 /* Build configuration list for PBXProject "ProjetoFinal" */ = {
			isa = XCConfigurationList;
			buildConfigurations = (
				FC3EACBB25B9CB9200643728 /* Debug */,
				FC3EACBC25B9CB9200643728 /* Release */,
			);
			defaultConfigurationIsVisible = 0;
			defaultConfigurationName = Release;
		};
		FC3EACBD25B9CB9200643728 /* Build configuration list for PBXNativeTarget "ProjetoFinal" */ = {
			isa = XCConfigurationList;
			buildConfigurations = (
				FC3EACBE25B9CB9200643728 /* Debug */,
				FC3EACBF25B9CB9200643728 /* Release */,
			);
			defaultConfigurationIsVisible = 0;
			defaultConfigurationName = Release;
		};
		FC3EACC025B9CB9200643728 /* Build configuration list for PBXNativeTarget "ProjetoFinalTests" */ = {
			isa = XCConfigurationList;
			buildConfigurations = (
				FC3EACC125B9CB9200643728 /* Debug */,
				FC3EACC225B9CB9200643728 /* Release */,
			);
			defaultConfigurationIsVisible = 0;
			defaultConfigurationName = Release;
		};
		FC3EACC325B9CB9200643728 /* Build configuration list for PBXNativeTarget "ProjetoFinalUITests" */ = {
			isa = XCConfigurationList;
			buildConfigurations = (
				FC3EACC425B9CB9200643728 /* Debug */,
				FC3EACC525B9CB9200643728 /* Release */,
			);
			defaultConfigurationIsVisible = 0;
			defaultConfigurationName = Release;
		};
/* End XCConfigurationList section */
	};
	rootObject = FC3EAC8B25B9CB8B00643728 /* Project object */;
}
